// !$*UTF8*$!
{
	archiveVersion = 1;
	classes = {
	};
	objectVersion = 46;
	objects = {

/* Begin PBXBuildFile section */
		322DA743159B4A5C005CFC83 /* Foundation.framework in Frameworks */ = {isa = PBXBuildFile; fileRef = 322DA742159B4A5C005CFC83 /* Foundation.framework */; };
		322DA91E159B4B43005CFC83 /* DDData.m in Sources */ = {isa = PBXBuildFile; fileRef = 322DA752159B4A94005CFC83 /* DDData.m */; };
		322DA91F159B4B43005CFC83 /* DDNumber.m in Sources */ = {isa = PBXBuildFile; fileRef = 322DA754159B4A94005CFC83 /* DDNumber.m */; };
		322DA920159B4B43005CFC83 /* DDRange.m in Sources */ = {isa = PBXBuildFile; fileRef = 322DA756159B4A94005CFC83 /* DDRange.m */; };
		322DA921159B4B43005CFC83 /* HTTPAuthenticationRequest.m in Sources */ = {isa = PBXBuildFile; fileRef = 322DA758159B4A94005CFC83 /* HTTPAuthenticationRequest.m */; };
		322DA922159B4B43005CFC83 /* HTTPConnection.m in Sources */ = {isa = PBXBuildFile; fileRef = 322DA75A159B4A94005CFC83 /* HTTPConnection.m */; };
		322DA923159B4B43005CFC83 /* HTTPMessage.m in Sources */ = {isa = PBXBuildFile; fileRef = 322DA75D159B4A94005CFC83 /* HTTPMessage.m */; };
		322DA924159B4B43005CFC83 /* HTTPServer.m in Sources */ = {isa = PBXBuildFile; fileRef = 322DA760159B4A94005CFC83 /* HTTPServer.m */; };
		322DA925159B4B43005CFC83 /* MultipartFormDataParser.m in Sources */ = {isa = PBXBuildFile; fileRef = 322DA763159B4A94005CFC83 /* MultipartFormDataParser.m */; };
		322DA926159B4B43005CFC83 /* MultipartMessageHeader.m in Sources */ = {isa = PBXBuildFile; fileRef = 322DA765159B4A94005CFC83 /* MultipartMessageHeader.m */; };
		322DA927159B4B43005CFC83 /* MultipartMessageHeaderField.m in Sources */ = {isa = PBXBuildFile; fileRef = 322DA767159B4A94005CFC83 /* MultipartMessageHeaderField.m */; };
		322DA928159B4B43005CFC83 /* HTTPAsyncFileResponse.m in Sources */ = {isa = PBXBuildFile; fileRef = 322DA76A159B4A94005CFC83 /* HTTPAsyncFileResponse.m */; };
		322DA929159B4B43005CFC83 /* HTTPDataResponse.m in Sources */ = {isa = PBXBuildFile; fileRef = 322DA76C159B4A94005CFC83 /* HTTPDataResponse.m */; };
		322DA92A159B4B43005CFC83 /* HTTPDynamicFileResponse.m in Sources */ = {isa = PBXBuildFile; fileRef = 322DA76E159B4A94005CFC83 /* HTTPDynamicFileResponse.m */; };
		322DA92B159B4B43005CFC83 /* HTTPFileResponse.m in Sources */ = {isa = PBXBuildFile; fileRef = 322DA770159B4A94005CFC83 /* HTTPFileResponse.m */; };
		322DA92C159B4B43005CFC83 /* HTTPRedirectResponse.m in Sources */ = {isa = PBXBuildFile; fileRef = 322DA772159B4A94005CFC83 /* HTTPRedirectResponse.m */; };
		322DA92D159B4B43005CFC83 /* WebSocket.m in Sources */ = {isa = PBXBuildFile; fileRef = 322DA774159B4A94005CFC83 /* WebSocket.m */; };
		322DA92E159B4B43005CFC83 /* DAVConnection.m in Sources */ = {isa = PBXBuildFile; fileRef = 322DA778159B4A94005CFC83 /* DAVConnection.m */; };
		322DA92F159B4B43005CFC83 /* DAVResponse.m in Sources */ = {isa = PBXBuildFile; fileRef = 322DA77A159B4A94005CFC83 /* DAVResponse.m */; };
		322DA930159B4B43005CFC83 /* DELETEResponse.m in Sources */ = {isa = PBXBuildFile; fileRef = 322DA77C159B4A94005CFC83 /* DELETEResponse.m */; };
		322DA931159B4B43005CFC83 /* PUTResponse.m in Sources */ = {isa = PBXBuildFile; fileRef = 322DA77E159B4A94005CFC83 /* PUTResponse.m */; };
		322DA932159B4B49005CFC83 /* DDNumber.h in Headers */ = {isa = PBXBuildFile; fileRef = 322DA753159B4A94005CFC83 /* DDNumber.h */; settings = {ATTRIBUTES = (Public, ); }; };
		322DA933159B4B68005CFC83 /* DDData.h in Headers */ = {isa = PBXBuildFile; fileRef = 322DA751159B4A94005CFC83 /* DDData.h */; settings = {ATTRIBUTES = (Public, ); }; };
		322DA934159B4B68005CFC83 /* DDRange.h in Headers */ = {isa = PBXBuildFile; fileRef = 322DA755159B4A94005CFC83 /* DDRange.h */; settings = {ATTRIBUTES = (Public, ); }; };
		322DA935159B4B68005CFC83 /* HTTPAuthenticationRequest.h in Headers */ = {isa = PBXBuildFile; fileRef = 322DA757159B4A94005CFC83 /* HTTPAuthenticationRequest.h */; settings = {ATTRIBUTES = (Public, ); }; };
		322DA936159B4B68005CFC83 /* HTTPConnection.h in Headers */ = {isa = PBXBuildFile; fileRef = 322DA759159B4A94005CFC83 /* HTTPConnection.h */; settings = {ATTRIBUTES = (Public, ); }; };
		322DA937159B4B68005CFC83 /* HTTPLogging.h in Headers */ = {isa = PBXBuildFile; fileRef = 322DA75B159B4A94005CFC83 /* HTTPLogging.h */; settings = {ATTRIBUTES = (Public, ); }; };
		322DA938159B4B68005CFC83 /* HTTPMessage.h in Headers */ = {isa = PBXBuildFile; fileRef = 322DA75C159B4A94005CFC83 /* HTTPMessage.h */; settings = {ATTRIBUTES = (Public, ); }; };
		322DA939159B4B68005CFC83 /* HTTPResponse.h in Headers */ = {isa = PBXBuildFile; fileRef = 322DA75E159B4A94005CFC83 /* HTTPResponse.h */; settings = {ATTRIBUTES = (Public, ); }; };
		322DA93A159B4B68005CFC83 /* HTTPServer.h in Headers */ = {isa = PBXBuildFile; fileRef = 322DA75F159B4A94005CFC83 /* HTTPServer.h */; settings = {ATTRIBUTES = (Public, ); }; };
		322DA93B159B4B68005CFC83 /* MultipartFormDataParser.h in Headers */ = {isa = PBXBuildFile; fileRef = 322DA762159B4A94005CFC83 /* MultipartFormDataParser.h */; settings = {ATTRIBUTES = (Public, ); }; };
		322DA93C159B4B68005CFC83 /* MultipartMessageHeader.h in Headers */ = {isa = PBXBuildFile; fileRef = 322DA764159B4A94005CFC83 /* MultipartMessageHeader.h */; settings = {ATTRIBUTES = (Public, ); }; };
		322DA93D159B4B68005CFC83 /* MultipartMessageHeaderField.h in Headers */ = {isa = PBXBuildFile; fileRef = 322DA766159B4A94005CFC83 /* MultipartMessageHeaderField.h */; settings = {ATTRIBUTES = (Public, ); }; };
		322DA93E159B4B68005CFC83 /* HTTPAsyncFileResponse.h in Headers */ = {isa = PBXBuildFile; fileRef = 322DA769159B4A94005CFC83 /* HTTPAsyncFileResponse.h */; settings = {ATTRIBUTES = (Public, ); }; };
		322DA93F159B4B68005CFC83 /* HTTPDataResponse.h in Headers */ = {isa = PBXBuildFile; fileRef = 322DA76B159B4A94005CFC83 /* HTTPDataResponse.h */; settings = {ATTRIBUTES = (Public, ); }; };
		322DA940159B4B68005CFC83 /* HTTPDynamicFileResponse.h in Headers */ = {isa = PBXBuildFile; fileRef = 322DA76D159B4A94005CFC83 /* HTTPDynamicFileResponse.h */; settings = {ATTRIBUTES = (Public, ); }; };
		322DA941159B4B68005CFC83 /* HTTPFileResponse.h in Headers */ = {isa = PBXBuildFile; fileRef = 322DA76F159B4A94005CFC83 /* HTTPFileResponse.h */; settings = {ATTRIBUTES = (Public, ); }; };
		322DA942159B4B68005CFC83 /* HTTPRedirectResponse.h in Headers */ = {isa = PBXBuildFile; fileRef = 322DA771159B4A94005CFC83 /* HTTPRedirectResponse.h */; settings = {ATTRIBUTES = (Public, ); }; };
		322DA943159B4B68005CFC83 /* WebSocket.h in Headers */ = {isa = PBXBuildFile; fileRef = 322DA773159B4A94005CFC83 /* WebSocket.h */; settings = {ATTRIBUTES = (Public, ); }; };
		322DA944159B4B68005CFC83 /* DAVConnection.h in Headers */ = {isa = PBXBuildFile; fileRef = 322DA777159B4A94005CFC83 /* DAVConnection.h */; settings = {ATTRIBUTES = (Public, ); }; };
		322DA945159B4B68005CFC83 /* DAVResponse.h in Headers */ = {isa = PBXBuildFile; fileRef = 322DA779159B4A94005CFC83 /* DAVResponse.h */; settings = {ATTRIBUTES = (Public, ); }; };
		322DA946159B4B68005CFC83 /* DELETEResponse.h in Headers */ = {isa = PBXBuildFile; fileRef = 322DA77B159B4A94005CFC83 /* DELETEResponse.h */; settings = {ATTRIBUTES = (Public, ); }; };
		322DA947159B4B68005CFC83 /* PUTResponse.h in Headers */ = {isa = PBXBuildFile; fileRef = 322DA77D159B4A94005CFC83 /* PUTResponse.h */; settings = {ATTRIBUTES = (Public, ); }; };
		322DA949159B4BD1005CFC83 /* CocoaHTTPServer-Prefix.pch in Headers */ = {isa = PBXBuildFile; fileRef = 322DA948159B4BD1005CFC83 /* CocoaHTTPServer-Prefix.pch */; };
		327FBE9E15AF12A400F271BA /* DDData.h in Headers */ = {isa = PBXBuildFile; fileRef = 322DA751159B4A94005CFC83 /* DDData.h */; settings = {ATTRIBUTES = (Public, ); }; };
		327FBE9F15AF12A400F271BA /* DDNumber.h in Headers */ = {isa = PBXBuildFile; fileRef = 322DA753159B4A94005CFC83 /* DDNumber.h */; settings = {ATTRIBUTES = (Public, ); }; };
		327FBEA015AF12A400F271BA /* DDRange.h in Headers */ = {isa = PBXBuildFile; fileRef = 322DA755159B4A94005CFC83 /* DDRange.h */; settings = {ATTRIBUTES = (Public, ); }; };
		327FBEA115AF12A400F271BA /* HTTPAuthenticationRequest.h in Headers */ = {isa = PBXBuildFile; fileRef = 322DA757159B4A94005CFC83 /* HTTPAuthenticationRequest.h */; settings = {ATTRIBUTES = (Public, ); }; };
		327FBEA215AF12A400F271BA /* HTTPConnection.h in Headers */ = {isa = PBXBuildFile; fileRef = 322DA759159B4A94005CFC83 /* HTTPConnection.h */; settings = {ATTRIBUTES = (Public, ); }; };
		327FBEA315AF12A400F271BA /* HTTPLogging.h in Headers */ = {isa = PBXBuildFile; fileRef = 322DA75B159B4A94005CFC83 /* HTTPLogging.h */; settings = {ATTRIBUTES = (Public, ); }; };
		327FBEA415AF12A400F271BA /* HTTPMessage.h in Headers */ = {isa = PBXBuildFile; fileRef = 322DA75C159B4A94005CFC83 /* HTTPMessage.h */; settings = {ATTRIBUTES = (Public, ); }; };
		327FBEA515AF12A400F271BA /* HTTPResponse.h in Headers */ = {isa = PBXBuildFile; fileRef = 322DA75E159B4A94005CFC83 /* HTTPResponse.h */; settings = {ATTRIBUTES = (Public, ); }; };
		327FBEA615AF12A400F271BA /* HTTPServer.h in Headers */ = {isa = PBXBuildFile; fileRef = 322DA75F159B4A94005CFC83 /* HTTPServer.h */; settings = {ATTRIBUTES = (Public, ); }; };
		327FBEA715AF12A400F271BA /* MultipartFormDataParser.h in Headers */ = {isa = PBXBuildFile; fileRef = 322DA762159B4A94005CFC83 /* MultipartFormDataParser.h */; settings = {ATTRIBUTES = (Public, ); }; };
		327FBEA815AF12A400F271BA /* MultipartMessageHeader.h in Headers */ = {isa = PBXBuildFile; fileRef = 322DA764159B4A94005CFC83 /* MultipartMessageHeader.h */; settings = {ATTRIBUTES = (Public, ); }; };
		327FBEA915AF12A400F271BA /* MultipartMessageHeaderField.h in Headers */ = {isa = PBXBuildFile; fileRef = 322DA766159B4A94005CFC83 /* MultipartMessageHeaderField.h */; settings = {ATTRIBUTES = (Public, ); }; };
		327FBEAA15AF12A400F271BA /* HTTPAsyncFileResponse.h in Headers */ = {isa = PBXBuildFile; fileRef = 322DA769159B4A94005CFC83 /* HTTPAsyncFileResponse.h */; settings = {ATTRIBUTES = (Public, ); }; };
		327FBEAB15AF12A400F271BA /* HTTPDataResponse.h in Headers */ = {isa = PBXBuildFile; fileRef = 322DA76B159B4A94005CFC83 /* HTTPDataResponse.h */; settings = {ATTRIBUTES = (Public, ); }; };
		327FBEAC15AF12A400F271BA /* HTTPDynamicFileResponse.h in Headers */ = {isa = PBXBuildFile; fileRef = 322DA76D159B4A94005CFC83 /* HTTPDynamicFileResponse.h */; settings = {ATTRIBUTES = (Public, ); }; };
		327FBEAD15AF12A400F271BA /* HTTPFileResponse.h in Headers */ = {isa = PBXBuildFile; fileRef = 322DA76F159B4A94005CFC83 /* HTTPFileResponse.h */; settings = {ATTRIBUTES = (Public, ); }; };
		327FBEAE15AF12A400F271BA /* HTTPRedirectResponse.h in Headers */ = {isa = PBXBuildFile; fileRef = 322DA771159B4A94005CFC83 /* HTTPRedirectResponse.h */; settings = {ATTRIBUTES = (Public, ); }; };
		327FBEAF15AF12A400F271BA /* WebSocket.h in Headers */ = {isa = PBXBuildFile; fileRef = 322DA773159B4A94005CFC83 /* WebSocket.h */; settings = {ATTRIBUTES = (Public, ); }; };
		327FBEC015AFA88E00F271BA /* DDAbstractDatabaseLogger.h in Headers */ = {isa = PBXBuildFile; fileRef = 322DA848159B4A94005CFC83 /* DDAbstractDatabaseLogger.h */; settings = {ATTRIBUTES = (Public, ); }; };
		327FBEC115AFA88E00F271BA /* DDASLLogger.h in Headers */ = {isa = PBXBuildFile; fileRef = 322DA84A159B4A94005CFC83 /* DDASLLogger.h */; settings = {ATTRIBUTES = (Public, ); }; };
		327FBEC215AFA88E00F271BA /* DDFileLogger.h in Headers */ = {isa = PBXBuildFile; fileRef = 322DA84C159B4A94005CFC83 /* DDFileLogger.h */; settings = {ATTRIBUTES = (Public, ); }; };
		327FBEC315AFA88E00F271BA /* DDLog.h in Headers */ = {isa = PBXBuildFile; fileRef = 322DA84E159B4A94005CFC83 /* DDLog.h */; settings = {ATTRIBUTES = (Public, ); }; };
		327FBEC415AFA88E00F271BA /* DDTTYLogger.h in Headers */ = {isa = PBXBuildFile; fileRef = 322DA850159B4A94005CFC83 /* DDTTYLogger.h */; settings = {ATTRIBUTES = (Public, ); }; };
		327FBEC515AFA88E00F271BA /* ContextFilterLogFormatter.h in Headers */ = {isa = PBXBuildFile; fileRef = 322DA853159B4A94005CFC83 /* ContextFilterLogFormatter.h */; settings = {ATTRIBUTES = (Public, ); }; };
		327FBEC615AFA88E00F271BA /* DispatchQueueLogFormatter.h in Headers */ = {isa = PBXBuildFile; fileRef = 322DA855159B4A94005CFC83 /* DispatchQueueLogFormatter.h */; settings = {ATTRIBUTES = (Public, ); }; };
		327FBF9B15AFC1FB00F271BA /* DDData.m in Sources */ = {isa = PBXBuildFile; fileRef = 322DA752159B4A94005CFC83 /* DDData.m */; };
		327FBF9C15AFC1FB00F271BA /* DDNumber.m in Sources */ = {isa = PBXBuildFile; fileRef = 322DA754159B4A94005CFC83 /* DDNumber.m */; };
		327FBF9D15AFC1FB00F271BA /* DDRange.m in Sources */ = {isa = PBXBuildFile; fileRef = 322DA756159B4A94005CFC83 /* DDRange.m */; };
		327FBF9E15AFC1FB00F271BA /* HTTPAuthenticationRequest.m in Sources */ = {isa = PBXBuildFile; fileRef = 322DA758159B4A94005CFC83 /* HTTPAuthenticationRequest.m */; };
		327FBF9F15AFC1FB00F271BA /* HTTPConnection.m in Sources */ = {isa = PBXBuildFile; fileRef = 322DA75A159B4A94005CFC83 /* HTTPConnection.m */; };
		327FBFA015AFC1FB00F271BA /* HTTPMessage.m in Sources */ = {isa = PBXBuildFile; fileRef = 322DA75D159B4A94005CFC83 /* HTTPMessage.m */; };
		327FBFA115AFC1FB00F271BA /* HTTPServer.m in Sources */ = {isa = PBXBuildFile; fileRef = 322DA760159B4A94005CFC83 /* HTTPServer.m */; };
		327FBFA215AFC1FB00F271BA /* HTTPAsyncFileResponse.m in Sources */ = {isa = PBXBuildFile; fileRef = 322DA76A159B4A94005CFC83 /* HTTPAsyncFileResponse.m */; };
		327FBFA315AFC1FB00F271BA /* HTTPDataResponse.m in Sources */ = {isa = PBXBuildFile; fileRef = 322DA76C159B4A94005CFC83 /* HTTPDataResponse.m */; };
		327FBFA415AFC1FB00F271BA /* HTTPDynamicFileResponse.m in Sources */ = {isa = PBXBuildFile; fileRef = 322DA76E159B4A94005CFC83 /* HTTPDynamicFileResponse.m */; };
		327FBFA515AFC1FB00F271BA /* HTTPFileResponse.m in Sources */ = {isa = PBXBuildFile; fileRef = 322DA770159B4A94005CFC83 /* HTTPFileResponse.m */; };
		327FBFA615AFC1FB00F271BA /* HTTPRedirectResponse.m in Sources */ = {isa = PBXBuildFile; fileRef = 322DA772159B4A94005CFC83 /* HTTPRedirectResponse.m */; };
		327FBFA715AFC1FB00F271BA /* WebSocket.m in Sources */ = {isa = PBXBuildFile; fileRef = 322DA774159B4A94005CFC83 /* WebSocket.m */; };
		327FBFA815AFC1FB00F271BA /* GCDAsyncSocket.m in Sources */ = {isa = PBXBuildFile; fileRef = 322DA845159B4A94005CFC83 /* GCDAsyncSocket.m */; };
		327FBFA915AFC1FB00F271BA /* DDAbstractDatabaseLogger.m in Sources */ = {isa = PBXBuildFile; fileRef = 322DA849159B4A94005CFC83 /* DDAbstractDatabaseLogger.m */; };
		327FBFAA15AFC1FB00F271BA /* DDASLLogger.m in Sources */ = {isa = PBXBuildFile; fileRef = 322DA84B159B4A94005CFC83 /* DDASLLogger.m */; };
		327FBFAB15AFC1FB00F271BA /* DDFileLogger.m in Sources */ = {isa = PBXBuildFile; fileRef = 322DA84D159B4A94005CFC83 /* DDFileLogger.m */; };
		327FBFAC15AFC1FB00F271BA /* DDLog.m in Sources */ = {isa = PBXBuildFile; fileRef = 322DA84F159B4A94005CFC83 /* DDLog.m */; };
		327FBFAD15AFC1FB00F271BA /* DDTTYLogger.m in Sources */ = {isa = PBXBuildFile; fileRef = 322DA851159B4A94005CFC83 /* DDTTYLogger.m */; };
		327FBFAE15AFC1FB00F271BA /* ContextFilterLogFormatter.m in Sources */ = {isa = PBXBuildFile; fileRef = 322DA854159B4A94005CFC83 /* ContextFilterLogFormatter.m */; };
		327FBFAF15AFC1FB00F271BA /* DispatchQueueLogFormatter.m in Sources */ = {isa = PBXBuildFile; fileRef = 322DA856159B4A94005CFC83 /* DispatchQueueLogFormatter.m */; };
		327FBFB115AFC1FB00F271BA /* Foundation.framework in Frameworks */ = {isa = PBXBuildFile; fileRef = 322DA742159B4A5C005CFC83 /* Foundation.framework */; };
		327FBFB415AFC1FB00F271BA /* DDData.h in Headers */ = {isa = PBXBuildFile; fileRef = 322DA751159B4A94005CFC83 /* DDData.h */; settings = {ATTRIBUTES = (Public, ); }; };
		327FBFB515AFC1FB00F271BA /* DDNumber.h in Headers */ = {isa = PBXBuildFile; fileRef = 322DA753159B4A94005CFC83 /* DDNumber.h */; settings = {ATTRIBUTES = (Public, ); }; };
		327FBFB615AFC1FB00F271BA /* DDRange.h in Headers */ = {isa = PBXBuildFile; fileRef = 322DA755159B4A94005CFC83 /* DDRange.h */; settings = {ATTRIBUTES = (Public, ); }; };
		327FBFB715AFC1FB00F271BA /* HTTPAuthenticationRequest.h in Headers */ = {isa = PBXBuildFile; fileRef = 322DA757159B4A94005CFC83 /* HTTPAuthenticationRequest.h */; settings = {ATTRIBUTES = (Public, ); }; };
		327FBFB815AFC1FB00F271BA /* HTTPConnection.h in Headers */ = {isa = PBXBuildFile; fileRef = 322DA759159B4A94005CFC83 /* HTTPConnection.h */; settings = {ATTRIBUTES = (Public, ); }; };
		327FBFB915AFC1FB00F271BA /* HTTPLogging.h in Headers */ = {isa = PBXBuildFile; fileRef = 322DA75B159B4A94005CFC83 /* HTTPLogging.h */; settings = {ATTRIBUTES = (Public, ); }; };
		327FBFBA15AFC1FB00F271BA /* HTTPMessage.h in Headers */ = {isa = PBXBuildFile; fileRef = 322DA75C159B4A94005CFC83 /* HTTPMessage.h */; settings = {ATTRIBUTES = (Public, ); }; };
		327FBFBB15AFC1FB00F271BA /* HTTPResponse.h in Headers */ = {isa = PBXBuildFile; fileRef = 322DA75E159B4A94005CFC83 /* HTTPResponse.h */; settings = {ATTRIBUTES = (Public, ); }; };
		327FBFBC15AFC1FB00F271BA /* HTTPServer.h in Headers */ = {isa = PBXBuildFile; fileRef = 322DA75F159B4A94005CFC83 /* HTTPServer.h */; settings = {ATTRIBUTES = (Public, ); }; };
		327FBFBD15AFC1FB00F271BA /* MultipartFormDataParser.h in Headers */ = {isa = PBXBuildFile; fileRef = 322DA762159B4A94005CFC83 /* MultipartFormDataParser.h */; settings = {ATTRIBUTES = (Public, ); }; };
		327FBFBE15AFC1FB00F271BA /* MultipartMessageHeader.h in Headers */ = {isa = PBXBuildFile; fileRef = 322DA764159B4A94005CFC83 /* MultipartMessageHeader.h */; settings = {ATTRIBUTES = (Public, ); }; };
		327FBFBF15AFC1FB00F271BA /* MultipartMessageHeaderField.h in Headers */ = {isa = PBXBuildFile; fileRef = 322DA766159B4A94005CFC83 /* MultipartMessageHeaderField.h */; settings = {ATTRIBUTES = (Public, ); }; };
		327FBFC015AFC1FB00F271BA /* HTTPAsyncFileResponse.h in Headers */ = {isa = PBXBuildFile; fileRef = 322DA769159B4A94005CFC83 /* HTTPAsyncFileResponse.h */; settings = {ATTRIBUTES = (Public, ); }; };
		327FBFC115AFC1FB00F271BA /* HTTPDataResponse.h in Headers */ = {isa = PBXBuildFile; fileRef = 322DA76B159B4A94005CFC83 /* HTTPDataResponse.h */; settings = {ATTRIBUTES = (Public, ); }; };
		327FBFC215AFC1FB00F271BA /* HTTPDynamicFileResponse.h in Headers */ = {isa = PBXBuildFile; fileRef = 322DA76D159B4A94005CFC83 /* HTTPDynamicFileResponse.h */; settings = {ATTRIBUTES = (Public, ); }; };
		327FBFC315AFC1FB00F271BA /* HTTPFileResponse.h in Headers */ = {isa = PBXBuildFile; fileRef = 322DA76F159B4A94005CFC83 /* HTTPFileResponse.h */; settings = {ATTRIBUTES = (Public, ); }; };
		327FBFC415AFC1FB00F271BA /* HTTPRedirectResponse.h in Headers */ = {isa = PBXBuildFile; fileRef = 322DA771159B4A94005CFC83 /* HTTPRedirectResponse.h */; settings = {ATTRIBUTES = (Public, ); }; };
		327FBFC515AFC1FB00F271BA /* WebSocket.h in Headers */ = {isa = PBXBuildFile; fileRef = 322DA773159B4A94005CFC83 /* WebSocket.h */; settings = {ATTRIBUTES = (Public, ); }; };
		327FBFC615AFC1FB00F271BA /* DDAbstractDatabaseLogger.h in Headers */ = {isa = PBXBuildFile; fileRef = 322DA848159B4A94005CFC83 /* DDAbstractDatabaseLogger.h */; settings = {ATTRIBUTES = (Public, ); }; };
		327FBFC715AFC1FB00F271BA /* DDASLLogger.h in Headers */ = {isa = PBXBuildFile; fileRef = 322DA84A159B4A94005CFC83 /* DDASLLogger.h */; settings = {ATTRIBUTES = (Public, ); }; };
		327FBFC815AFC1FB00F271BA /* DDFileLogger.h in Headers */ = {isa = PBXBuildFile; fileRef = 322DA84C159B4A94005CFC83 /* DDFileLogger.h */; settings = {ATTRIBUTES = (Public, ); }; };
		327FBFC915AFC1FB00F271BA /* DDLog.h in Headers */ = {isa = PBXBuildFile; fileRef = 322DA84E159B4A94005CFC83 /* DDLog.h */; settings = {ATTRIBUTES = (Public, ); }; };
		327FBFCA15AFC1FB00F271BA /* DDTTYLogger.h in Headers */ = {isa = PBXBuildFile; fileRef = 322DA850159B4A94005CFC83 /* DDTTYLogger.h */; settings = {ATTRIBUTES = (Public, ); }; };
		327FBFCB15AFC1FB00F271BA /* ContextFilterLogFormatter.h in Headers */ = {isa = PBXBuildFile; fileRef = 322DA853159B4A94005CFC83 /* ContextFilterLogFormatter.h */; settings = {ATTRIBUTES = (Public, ); }; };
		327FBFCC15AFC1FB00F271BA /* DispatchQueueLogFormatter.h in Headers */ = {isa = PBXBuildFile; fileRef = 322DA855159B4A94005CFC83 /* DispatchQueueLogFormatter.h */; settings = {ATTRIBUTES = (Public, ); }; };
		32A7E8B915AEC091004AF2C6 /* Foundation.framework in Frameworks */ = {isa = PBXBuildFile; fileRef = 322DA742159B4A5C005CFC83 /* Foundation.framework */; };
		32A7E8C415AEC0D5004AF2C6 /* DDData.m in Sources */ = {isa = PBXBuildFile; fileRef = 322DA752159B4A94005CFC83 /* DDData.m */; };
		32A7E8C515AEC0D5004AF2C6 /* DDNumber.m in Sources */ = {isa = PBXBuildFile; fileRef = 322DA754159B4A94005CFC83 /* DDNumber.m */; };
		32A7E8C615AEC0D5004AF2C6 /* DDRange.m in Sources */ = {isa = PBXBuildFile; fileRef = 322DA756159B4A94005CFC83 /* DDRange.m */; };
		32A7E8C715AEC0D5004AF2C6 /* HTTPAuthenticationRequest.m in Sources */ = {isa = PBXBuildFile; fileRef = 322DA758159B4A94005CFC83 /* HTTPAuthenticationRequest.m */; };
		32A7E8C815AEC0D5004AF2C6 /* HTTPConnection.m in Sources */ = {isa = PBXBuildFile; fileRef = 322DA75A159B4A94005CFC83 /* HTTPConnection.m */; };
		32A7E8C915AEC0D5004AF2C6 /* HTTPMessage.m in Sources */ = {isa = PBXBuildFile; fileRef = 322DA75D159B4A94005CFC83 /* HTTPMessage.m */; };
		32A7E8CA15AEC0D5004AF2C6 /* HTTPServer.m in Sources */ = {isa = PBXBuildFile; fileRef = 322DA760159B4A94005CFC83 /* HTTPServer.m */; };
		32A7E8CB15AEC0D5004AF2C6 /* HTTPAsyncFileResponse.m in Sources */ = {isa = PBXBuildFile; fileRef = 322DA76A159B4A94005CFC83 /* HTTPAsyncFileResponse.m */; };
		32A7E8CC15AEC0D5004AF2C6 /* HTTPDataResponse.m in Sources */ = {isa = PBXBuildFile; fileRef = 322DA76C159B4A94005CFC83 /* HTTPDataResponse.m */; };
		32A7E8CD15AEC0D5004AF2C6 /* HTTPDynamicFileResponse.m in Sources */ = {isa = PBXBuildFile; fileRef = 322DA76E159B4A94005CFC83 /* HTTPDynamicFileResponse.m */; };
		32A7E8CE15AEC0D5004AF2C6 /* HTTPFileResponse.m in Sources */ = {isa = PBXBuildFile; fileRef = 322DA770159B4A94005CFC83 /* HTTPFileResponse.m */; };
		32A7E8CF15AEC0D5004AF2C6 /* HTTPRedirectResponse.m in Sources */ = {isa = PBXBuildFile; fileRef = 322DA772159B4A94005CFC83 /* HTTPRedirectResponse.m */; };
		32A7E8D015AEC0D5004AF2C6 /* WebSocket.m in Sources */ = {isa = PBXBuildFile; fileRef = 322DA774159B4A94005CFC83 /* WebSocket.m */; };
		32A7E8D115AEC144004AF2C6 /* GCDAsyncSocket.m in Sources */ = {isa = PBXBuildFile; fileRef = 322DA845159B4A94005CFC83 /* GCDAsyncSocket.m */; };
		32A7E8D215AEC144004AF2C6 /* DDAbstractDatabaseLogger.m in Sources */ = {isa = PBXBuildFile; fileRef = 322DA849159B4A94005CFC83 /* DDAbstractDatabaseLogger.m */; };
		32A7E8D315AEC144004AF2C6 /* DDASLLogger.m in Sources */ = {isa = PBXBuildFile; fileRef = 322DA84B159B4A94005CFC83 /* DDASLLogger.m */; };
		32A7E8D415AEC144004AF2C6 /* DDFileLogger.m in Sources */ = {isa = PBXBuildFile; fileRef = 322DA84D159B4A94005CFC83 /* DDFileLogger.m */; };
		32A7E8D515AEC144004AF2C6 /* DDLog.m in Sources */ = {isa = PBXBuildFile; fileRef = 322DA84F159B4A94005CFC83 /* DDLog.m */; };
		32A7E8D615AEC144004AF2C6 /* DDTTYLogger.m in Sources */ = {isa = PBXBuildFile; fileRef = 322DA851159B4A94005CFC83 /* DDTTYLogger.m */; };
		32A7E8D715AEC144004AF2C6 /* ContextFilterLogFormatter.m in Sources */ = {isa = PBXBuildFile; fileRef = 322DA854159B4A94005CFC83 /* ContextFilterLogFormatter.m */; };
		32A7E8D815AEC144004AF2C6 /* DispatchQueueLogFormatter.m in Sources */ = {isa = PBXBuildFile; fileRef = 322DA856159B4A94005CFC83 /* DispatchQueueLogFormatter.m */; };
/* End PBXBuildFile section */

/* Begin PBXCopyFilesBuildPhase section */
		327FBFB215AFC1FB00F271BA /* CopyFiles */ = {
			isa = PBXCopyFilesBuildPhase;
			buildActionMask = 2147483647;
			dstPath = "include/${PRODUCT_NAME}";
			dstSubfolderSpec = 16;
			files = (
			);
			runOnlyForDeploymentPostprocessing = 0;
		};
		32A7E8B615AEC091004AF2C6 /* CopyFiles */ = {
			isa = PBXCopyFilesBuildPhase;
			buildActionMask = 2147483647;
			dstPath = "include/${PRODUCT_NAME}";
			dstSubfolderSpec = 16;
			files = (
			);
			runOnlyForDeploymentPostprocessing = 0;
		};
/* End PBXCopyFilesBuildPhase section */

/* Begin PBXFileReference section */
		322DA73F159B4A5C005CFC83 /* libCocoaHTTPServer.a */ = {isa = PBXFileReference; explicitFileType = archive.ar; includeInIndex = 0; path = libCocoaHTTPServer.a; sourceTree = BUILT_PRODUCTS_DIR; };
		322DA742159B4A5C005CFC83 /* Foundation.framework */ = {isa = PBXFileReference; lastKnownFileType = wrapper.framework; name = Foundation.framework; path = System/Library/Frameworks/Foundation.framework; sourceTree = SDKROOT; };
		322DA751159B4A94005CFC83 /* DDData.h */ = {isa = PBXFileReference; fileEncoding = 4; lastKnownFileType = sourcecode.c.h; path = DDData.h; sourceTree = "<group>"; };
		322DA752159B4A94005CFC83 /* DDData.m */ = {isa = PBXFileReference; fileEncoding = 4; lastKnownFileType = sourcecode.c.objc; path = DDData.m; sourceTree = "<group>"; };
		322DA753159B4A94005CFC83 /* DDNumber.h */ = {isa = PBXFileReference; fileEncoding = 4; lastKnownFileType = sourcecode.c.h; path = DDNumber.h; sourceTree = "<group>"; };
		322DA754159B4A94005CFC83 /* DDNumber.m */ = {isa = PBXFileReference; fileEncoding = 4; lastKnownFileType = sourcecode.c.objc; path = DDNumber.m; sourceTree = "<group>"; };
		322DA755159B4A94005CFC83 /* DDRange.h */ = {isa = PBXFileReference; fileEncoding = 4; lastKnownFileType = sourcecode.c.h; path = DDRange.h; sourceTree = "<group>"; };
		322DA756159B4A94005CFC83 /* DDRange.m */ = {isa = PBXFileReference; fileEncoding = 4; lastKnownFileType = sourcecode.c.objc; path = DDRange.m; sourceTree = "<group>"; };
		322DA757159B4A94005CFC83 /* HTTPAuthenticationRequest.h */ = {isa = PBXFileReference; fileEncoding = 4; lastKnownFileType = sourcecode.c.h; path = HTTPAuthenticationRequest.h; sourceTree = "<group>"; };
		322DA758159B4A94005CFC83 /* HTTPAuthenticationRequest.m */ = {isa = PBXFileReference; fileEncoding = 4; lastKnownFileType = sourcecode.c.objc; path = HTTPAuthenticationRequest.m; sourceTree = "<group>"; };
		322DA759159B4A94005CFC83 /* HTTPConnection.h */ = {isa = PBXFileReference; fileEncoding = 4; lastKnownFileType = sourcecode.c.h; path = HTTPConnection.h; sourceTree = "<group>"; };
		322DA75A159B4A94005CFC83 /* HTTPConnection.m */ = {isa = PBXFileReference; fileEncoding = 4; lastKnownFileType = sourcecode.c.objc; path = HTTPConnection.m; sourceTree = "<group>"; };
		322DA75B159B4A94005CFC83 /* HTTPLogging.h */ = {isa = PBXFileReference; fileEncoding = 4; lastKnownFileType = sourcecode.c.h; path = HTTPLogging.h; sourceTree = "<group>"; };
		322DA75C159B4A94005CFC83 /* HTTPMessage.h */ = {isa = PBXFileReference; fileEncoding = 4; lastKnownFileType = sourcecode.c.h; path = HTTPMessage.h; sourceTree = "<group>"; };
		322DA75D159B4A94005CFC83 /* HTTPMessage.m */ = {isa = PBXFileReference; fileEncoding = 4; lastKnownFileType = sourcecode.c.objc; path = HTTPMessage.m; sourceTree = "<group>"; };
		322DA75E159B4A94005CFC83 /* HTTPResponse.h */ = {isa = PBXFileReference; fileEncoding = 4; lastKnownFileType = sourcecode.c.h; path = HTTPResponse.h; sourceTree = "<group>"; };
		322DA75F159B4A94005CFC83 /* HTTPServer.h */ = {isa = PBXFileReference; fileEncoding = 4; lastKnownFileType = sourcecode.c.h; path = HTTPServer.h; sourceTree = "<group>"; };
		322DA760159B4A94005CFC83 /* HTTPServer.m */ = {isa = PBXFileReference; fileEncoding = 4; lastKnownFileType = sourcecode.c.objc; path = HTTPServer.m; sourceTree = "<group>"; };
		322DA762159B4A94005CFC83 /* MultipartFormDataParser.h */ = {isa = PBXFileReference; fileEncoding = 4; lastKnownFileType = sourcecode.c.h; path = MultipartFormDataParser.h; sourceTree = "<group>"; };
		322DA763159B4A94005CFC83 /* MultipartFormDataParser.m */ = {isa = PBXFileReference; fileEncoding = 4; lastKnownFileType = sourcecode.c.objc; path = MultipartFormDataParser.m; sourceTree = "<group>"; };
		322DA764159B4A94005CFC83 /* MultipartMessageHeader.h */ = {isa = PBXFileReference; fileEncoding = 4; lastKnownFileType = sourcecode.c.h; path = MultipartMessageHeader.h; sourceTree = "<group>"; };
		322DA765159B4A94005CFC83 /* MultipartMessageHeader.m */ = {isa = PBXFileReference; fileEncoding = 4; lastKnownFileType = sourcecode.c.objc; path = MultipartMessageHeader.m; sourceTree = "<group>"; };
		322DA766159B4A94005CFC83 /* MultipartMessageHeaderField.h */ = {isa = PBXFileReference; fileEncoding = 4; lastKnownFileType = sourcecode.c.h; path = MultipartMessageHeaderField.h; sourceTree = "<group>"; };
		322DA767159B4A94005CFC83 /* MultipartMessageHeaderField.m */ = {isa = PBXFileReference; fileEncoding = 4; lastKnownFileType = sourcecode.c.objc; path = MultipartMessageHeaderField.m; sourceTree = "<group>"; };
		322DA769159B4A94005CFC83 /* HTTPAsyncFileResponse.h */ = {isa = PBXFileReference; fileEncoding = 4; lastKnownFileType = sourcecode.c.h; path = HTTPAsyncFileResponse.h; sourceTree = "<group>"; };
		322DA76A159B4A94005CFC83 /* HTTPAsyncFileResponse.m */ = {isa = PBXFileReference; fileEncoding = 4; lastKnownFileType = sourcecode.c.objc; path = HTTPAsyncFileResponse.m; sourceTree = "<group>"; };
		322DA76B159B4A94005CFC83 /* HTTPDataResponse.h */ = {isa = PBXFileReference; fileEncoding = 4; lastKnownFileType = sourcecode.c.h; path = HTTPDataResponse.h; sourceTree = "<group>"; };
		322DA76C159B4A94005CFC83 /* HTTPDataResponse.m */ = {isa = PBXFileReference; fileEncoding = 4; lastKnownFileType = sourcecode.c.objc; path = HTTPDataResponse.m; sourceTree = "<group>"; };
		322DA76D159B4A94005CFC83 /* HTTPDynamicFileResponse.h */ = {isa = PBXFileReference; fileEncoding = 4; lastKnownFileType = sourcecode.c.h; path = HTTPDynamicFileResponse.h; sourceTree = "<group>"; };
		322DA76E159B4A94005CFC83 /* HTTPDynamicFileResponse.m */ = {isa = PBXFileReference; fileEncoding = 4; lastKnownFileType = sourcecode.c.objc; path = HTTPDynamicFileResponse.m; sourceTree = "<group>"; };
		322DA76F159B4A94005CFC83 /* HTTPFileResponse.h */ = {isa = PBXFileReference; fileEncoding = 4; lastKnownFileType = sourcecode.c.h; path = HTTPFileResponse.h; sourceTree = "<group>"; };
		322DA770159B4A94005CFC83 /* HTTPFileResponse.m */ = {isa = PBXFileReference; fileEncoding = 4; lastKnownFileType = sourcecode.c.objc; path = HTTPFileResponse.m; sourceTree = "<group>"; };
		322DA771159B4A94005CFC83 /* HTTPRedirectResponse.h */ = {isa = PBXFileReference; fileEncoding = 4; lastKnownFileType = sourcecode.c.h; path = HTTPRedirectResponse.h; sourceTree = "<group>"; };
		322DA772159B4A94005CFC83 /* HTTPRedirectResponse.m */ = {isa = PBXFileReference; fileEncoding = 4; lastKnownFileType = sourcecode.c.objc; path = HTTPRedirectResponse.m; sourceTree = "<group>"; };
		322DA773159B4A94005CFC83 /* WebSocket.h */ = {isa = PBXFileReference; fileEncoding = 4; lastKnownFileType = sourcecode.c.h; path = WebSocket.h; sourceTree = "<group>"; };
		322DA774159B4A94005CFC83 /* WebSocket.m */ = {isa = PBXFileReference; fileEncoding = 4; lastKnownFileType = sourcecode.c.objc; path = WebSocket.m; sourceTree = "<group>"; };
		322DA777159B4A94005CFC83 /* DAVConnection.h */ = {isa = PBXFileReference; fileEncoding = 4; lastKnownFileType = sourcecode.c.h; path = DAVConnection.h; sourceTree = "<group>"; };
		322DA778159B4A94005CFC83 /* DAVConnection.m */ = {isa = PBXFileReference; fileEncoding = 4; lastKnownFileType = sourcecode.c.objc; path = DAVConnection.m; sourceTree = "<group>"; };
		322DA779159B4A94005CFC83 /* DAVResponse.h */ = {isa = PBXFileReference; fileEncoding = 4; lastKnownFileType = sourcecode.c.h; path = DAVResponse.h; sourceTree = "<group>"; };
		322DA77A159B4A94005CFC83 /* DAVResponse.m */ = {isa = PBXFileReference; fileEncoding = 4; lastKnownFileType = sourcecode.c.objc; path = DAVResponse.m; sourceTree = "<group>"; };
		322DA77B159B4A94005CFC83 /* DELETEResponse.h */ = {isa = PBXFileReference; fileEncoding = 4; lastKnownFileType = sourcecode.c.h; path = DELETEResponse.h; sourceTree = "<group>"; };
		322DA77C159B4A94005CFC83 /* DELETEResponse.m */ = {isa = PBXFileReference; fileEncoding = 4; lastKnownFileType = sourcecode.c.objc; path = DELETEResponse.m; sourceTree = "<group>"; };
		322DA77D159B4A94005CFC83 /* PUTResponse.h */ = {isa = PBXFileReference; fileEncoding = 4; lastKnownFileType = sourcecode.c.h; path = PUTResponse.h; sourceTree = "<group>"; };
		322DA77E159B4A94005CFC83 /* PUTResponse.m */ = {isa = PBXFileReference; fileEncoding = 4; lastKnownFileType = sourcecode.c.objc; path = PUTResponse.m; sourceTree = "<group>"; };
		322DA77F159B4A94005CFC83 /* LICENSE.txt */ = {isa = PBXFileReference; fileEncoding = 4; lastKnownFileType = text; name = LICENSE.txt; path = ../LICENSE.txt; sourceTree = "<group>"; };
		322DA780159B4A94005CFC83 /* README.markdown */ = {isa = PBXFileReference; fileEncoding = 4; lastKnownFileType = text; name = README.markdown; path = ../README.markdown; sourceTree = "<group>"; };
		322DA843159B4A94005CFC83 /* About.txt */ = {isa = PBXFileReference; fileEncoding = 4; lastKnownFileType = text; path = About.txt; sourceTree = "<group>"; };
		322DA844159B4A94005CFC83 /* GCDAsyncSocket.h */ = {isa = PBXFileReference; fileEncoding = 4; lastKnownFileType = sourcecode.c.h; path = GCDAsyncSocket.h; sourceTree = "<group>"; };
		322DA845159B4A94005CFC83 /* GCDAsyncSocket.m */ = {isa = PBXFileReference; fileEncoding = 4; lastKnownFileType = sourcecode.c.objc; path = GCDAsyncSocket.m; sourceTree = "<group>"; };
		322DA847159B4A94005CFC83 /* About.txt */ = {isa = PBXFileReference; fileEncoding = 4; lastKnownFileType = text; path = About.txt; sourceTree = "<group>"; };
		322DA848159B4A94005CFC83 /* DDAbstractDatabaseLogger.h */ = {isa = PBXFileReference; fileEncoding = 4; lastKnownFileType = sourcecode.c.h; path = DDAbstractDatabaseLogger.h; sourceTree = "<group>"; };
		322DA849159B4A94005CFC83 /* DDAbstractDatabaseLogger.m */ = {isa = PBXFileReference; fileEncoding = 4; lastKnownFileType = sourcecode.c.objc; path = DDAbstractDatabaseLogger.m; sourceTree = "<group>"; };
		322DA84A159B4A94005CFC83 /* DDASLLogger.h */ = {isa = PBXFileReference; fileEncoding = 4; lastKnownFileType = sourcecode.c.h; path = DDASLLogger.h; sourceTree = "<group>"; };
		322DA84B159B4A94005CFC83 /* DDASLLogger.m */ = {isa = PBXFileReference; fileEncoding = 4; lastKnownFileType = sourcecode.c.objc; path = DDASLLogger.m; sourceTree = "<group>"; };
		322DA84C159B4A94005CFC83 /* DDFileLogger.h */ = {isa = PBXFileReference; fileEncoding = 4; lastKnownFileType = sourcecode.c.h; path = DDFileLogger.h; sourceTree = "<group>"; };
		322DA84D159B4A94005CFC83 /* DDFileLogger.m */ = {isa = PBXFileReference; fileEncoding = 4; lastKnownFileType = sourcecode.c.objc; path = DDFileLogger.m; sourceTree = "<group>"; };
		322DA84E159B4A94005CFC83 /* DDLog.h */ = {isa = PBXFileReference; fileEncoding = 4; lastKnownFileType = sourcecode.c.h; path = DDLog.h; sourceTree = "<group>"; };
		322DA84F159B4A94005CFC83 /* DDLog.m */ = {isa = PBXFileReference; fileEncoding = 4; lastKnownFileType = sourcecode.c.objc; path = DDLog.m; sourceTree = "<group>"; };
		322DA850159B4A94005CFC83 /* DDTTYLogger.h */ = {isa = PBXFileReference; fileEncoding = 4; lastKnownFileType = sourcecode.c.h; path = DDTTYLogger.h; sourceTree = "<group>"; };
		322DA851159B4A94005CFC83 /* DDTTYLogger.m */ = {isa = PBXFileReference; fileEncoding = 4; lastKnownFileType = sourcecode.c.objc; path = DDTTYLogger.m; sourceTree = "<group>"; };
		322DA853159B4A94005CFC83 /* ContextFilterLogFormatter.h */ = {isa = PBXFileReference; fileEncoding = 4; lastKnownFileType = sourcecode.c.h; path = ContextFilterLogFormatter.h; sourceTree = "<group>"; };
		322DA854159B4A94005CFC83 /* ContextFilterLogFormatter.m */ = {isa = PBXFileReference; fileEncoding = 4; lastKnownFileType = sourcecode.c.objc; path = ContextFilterLogFormatter.m; sourceTree = "<group>"; };
		322DA855159B4A94005CFC83 /* DispatchQueueLogFormatter.h */ = {isa = PBXFileReference; fileEncoding = 4; lastKnownFileType = sourcecode.c.h; path = DispatchQueueLogFormatter.h; sourceTree = "<group>"; };
		322DA856159B4A94005CFC83 /* DispatchQueueLogFormatter.m */ = {isa = PBXFileReference; fileEncoding = 4; lastKnownFileType = sourcecode.c.objc; path = DispatchQueueLogFormatter.m; sourceTree = "<group>"; };
		322DA857159B4A94005CFC83 /* README.txt */ = {isa = PBXFileReference; fileEncoding = 4; lastKnownFileType = text; path = README.txt; sourceTree = "<group>"; };
		322DA948159B4BD1005CFC83 /* CocoaHTTPServer-Prefix.pch */ = {isa = PBXFileReference; fileEncoding = 4; lastKnownFileType = sourcecode.c.h; path = "CocoaHTTPServer-Prefix.pch"; sourceTree = "<group>"; };
		322DA94A159B4C23005CFC83 /* libxml2.dylib */ = {isa = PBXFileReference; lastKnownFileType = "compiled.mach-o.dylib"; name = libxml2.dylib; path = usr/lib/libxml2.dylib; sourceTree = SDKROOT; };
		327FBFD015AFC1FB00F271BA /* libSimonHttpServer.a */ = {isa = PBXFileReference; explicitFileType = archive.ar; includeInIndex = 0; path = libSimonHttpServer.a; sourceTree = BUILT_PRODUCTS_DIR; };
		32A7E8B815AEC091004AF2C6 /* libSimonHttpServer.a */ = {isa = PBXFileReference; explicitFileType = archive.ar; includeInIndex = 0; path = libSimonHttpServer.a; sourceTree = BUILT_PRODUCTS_DIR; };
/* End PBXFileReference section */

/* Begin PBXFrameworksBuildPhase section */
		322DA73C159B4A5C005CFC83 /* Frameworks */ = {
			isa = PBXFrameworksBuildPhase;
			buildActionMask = 2147483647;
			files = (
				322DA743159B4A5C005CFC83 /* Foundation.framework in Frameworks */,
			);
			runOnlyForDeploymentPostprocessing = 0;
		};
		327FBFB015AFC1FB00F271BA /* Frameworks */ = {
			isa = PBXFrameworksBuildPhase;
			buildActionMask = 2147483647;
			files = (
				327FBFB115AFC1FB00F271BA /* Foundation.framework in Frameworks */,
			);
			runOnlyForDeploymentPostprocessing = 0;
		};
		32A7E8B515AEC091004AF2C6 /* Frameworks */ = {
			isa = PBXFrameworksBuildPhase;
			buildActionMask = 2147483647;
			files = (
				32A7E8B915AEC091004AF2C6 /* Foundation.framework in Frameworks */,
			);
			runOnlyForDeploymentPostprocessing = 0;
		};
/* End PBXFrameworksBuildPhase section */

/* Begin PBXGroup section */
		322DA734159B4A5C005CFC83 = {
			isa = PBXGroup;
			children = (
				322DA948159B4BD1005CFC83 /* CocoaHTTPServer-Prefix.pch */,
				322DA74F159B4A94005CFC83 /* Core */,
				322DA775159B4A94005CFC83 /* Extensions */,
				322DA77F159B4A94005CFC83 /* LICENSE.txt */,
				322DA780159B4A94005CFC83 /* README.markdown */,
				322DA841159B4A94005CFC83 /* Vendor */,
				322DA741159B4A5C005CFC83 /* Frameworks */,
				322DA740159B4A5C005CFC83 /* Products */,
			);
			sourceTree = "<group>";
		};
		322DA740159B4A5C005CFC83 /* Products */ = {
			isa = PBXGroup;
			children = (
				322DA73F159B4A5C005CFC83 /* libCocoaHTTPServer.a */,
				32A7E8B815AEC091004AF2C6 /* libSimonHttpServer.a */,
				327FBFD015AFC1FB00F271BA /* libSimonHttpServer.a */,
			);
			name = Products;
			sourceTree = "<group>";
		};
		322DA741159B4A5C005CFC83 /* Frameworks */ = {
			isa = PBXGroup;
			children = (
				322DA94A159B4C23005CFC83 /* libxml2.dylib */,
				322DA742159B4A5C005CFC83 /* Foundation.framework */,
			);
			name = Frameworks;
			sourceTree = "<group>";
		};
		322DA74F159B4A94005CFC83 /* Core */ = {
			isa = PBXGroup;
			children = (
				322DA750159B4A94005CFC83 /* Categories */,
				322DA757159B4A94005CFC83 /* HTTPAuthenticationRequest.h */,
				322DA758159B4A94005CFC83 /* HTTPAuthenticationRequest.m */,
				322DA759159B4A94005CFC83 /* HTTPConnection.h */,
				322DA75A159B4A94005CFC83 /* HTTPConnection.m */,
				322DA75B159B4A94005CFC83 /* HTTPLogging.h */,
				322DA75C159B4A94005CFC83 /* HTTPMessage.h */,
				322DA75D159B4A94005CFC83 /* HTTPMessage.m */,
				322DA75E159B4A94005CFC83 /* HTTPResponse.h */,
				322DA75F159B4A94005CFC83 /* HTTPServer.h */,
				322DA760159B4A94005CFC83 /* HTTPServer.m */,
				322DA761159B4A94005CFC83 /* Mime */,
				322DA768159B4A94005CFC83 /* Responses */,
				322DA773159B4A94005CFC83 /* WebSocket.h */,
				322DA774159B4A94005CFC83 /* WebSocket.m */,
			);
			name = Core;
			path = ../Core;
			sourceTree = "<group>";
		};
		322DA750159B4A94005CFC83 /* Categories */ = {
			isa = PBXGroup;
			children = (
				322DA751159B4A94005CFC83 /* DDData.h */,
				322DA752159B4A94005CFC83 /* DDData.m */,
				322DA753159B4A94005CFC83 /* DDNumber.h */,
				322DA754159B4A94005CFC83 /* DDNumber.m */,
				322DA755159B4A94005CFC83 /* DDRange.h */,
				322DA756159B4A94005CFC83 /* DDRange.m */,
			);
			path = Categories;
			sourceTree = "<group>";
		};
		322DA761159B4A94005CFC83 /* Mime */ = {
			isa = PBXGroup;
			children = (
				322DA762159B4A94005CFC83 /* MultipartFormDataParser.h */,
				322DA763159B4A94005CFC83 /* MultipartFormDataParser.m */,
				322DA764159B4A94005CFC83 /* MultipartMessageHeader.h */,
				322DA765159B4A94005CFC83 /* MultipartMessageHeader.m */,
				322DA766159B4A94005CFC83 /* MultipartMessageHeaderField.h */,
				322DA767159B4A94005CFC83 /* MultipartMessageHeaderField.m */,
			);
			path = Mime;
			sourceTree = "<group>";
		};
		322DA768159B4A94005CFC83 /* Responses */ = {
			isa = PBXGroup;
			children = (
				322DA769159B4A94005CFC83 /* HTTPAsyncFileResponse.h */,
				322DA76A159B4A94005CFC83 /* HTTPAsyncFileResponse.m */,
				322DA76B159B4A94005CFC83 /* HTTPDataResponse.h */,
				322DA76C159B4A94005CFC83 /* HTTPDataResponse.m */,
				322DA76D159B4A94005CFC83 /* HTTPDynamicFileResponse.h */,
				322DA76E159B4A94005CFC83 /* HTTPDynamicFileResponse.m */,
				322DA76F159B4A94005CFC83 /* HTTPFileResponse.h */,
				322DA770159B4A94005CFC83 /* HTTPFileResponse.m */,
				322DA771159B4A94005CFC83 /* HTTPRedirectResponse.h */,
				322DA772159B4A94005CFC83 /* HTTPRedirectResponse.m */,
			);
			path = Responses;
			sourceTree = "<group>";
		};
		322DA775159B4A94005CFC83 /* Extensions */ = {
			isa = PBXGroup;
			children = (
				322DA776159B4A94005CFC83 /* WebDAV */,
			);
			name = Extensions;
			path = ../Extensions;
			sourceTree = "<group>";
		};
		322DA776159B4A94005CFC83 /* WebDAV */ = {
			isa = PBXGroup;
			children = (
				322DA777159B4A94005CFC83 /* DAVConnection.h */,
				322DA778159B4A94005CFC83 /* DAVConnection.m */,
				322DA779159B4A94005CFC83 /* DAVResponse.h */,
				322DA77A159B4A94005CFC83 /* DAVResponse.m */,
				322DA77B159B4A94005CFC83 /* DELETEResponse.h */,
				322DA77C159B4A94005CFC83 /* DELETEResponse.m */,
				322DA77D159B4A94005CFC83 /* PUTResponse.h */,
				322DA77E159B4A94005CFC83 /* PUTResponse.m */,
			);
			path = WebDAV;
			sourceTree = "<group>";
		};
		322DA841159B4A94005CFC83 /* Vendor */ = {
			isa = PBXGroup;
			children = (
				322DA842159B4A94005CFC83 /* CocoaAsyncSocket */,
				322DA846159B4A94005CFC83 /* CocoaLumberjack */,
			);
			name = Vendor;
			path = ../Vendor;
			sourceTree = "<group>";
		};
		322DA842159B4A94005CFC83 /* CocoaAsyncSocket */ = {
			isa = PBXGroup;
			children = (
				322DA843159B4A94005CFC83 /* About.txt */,
				322DA844159B4A94005CFC83 /* GCDAsyncSocket.h */,
				322DA845159B4A94005CFC83 /* GCDAsyncSocket.m */,
			);
			path = CocoaAsyncSocket;
			sourceTree = "<group>";
		};
		322DA846159B4A94005CFC83 /* CocoaLumberjack */ = {
			isa = PBXGroup;
			children = (
				322DA847159B4A94005CFC83 /* About.txt */,
				322DA848159B4A94005CFC83 /* DDAbstractDatabaseLogger.h */,
				322DA849159B4A94005CFC83 /* DDAbstractDatabaseLogger.m */,
				322DA84A159B4A94005CFC83 /* DDASLLogger.h */,
				322DA84B159B4A94005CFC83 /* DDASLLogger.m */,
				322DA84C159B4A94005CFC83 /* DDFileLogger.h */,
				322DA84D159B4A94005CFC83 /* DDFileLogger.m */,
				322DA84E159B4A94005CFC83 /* DDLog.h */,
				322DA84F159B4A94005CFC83 /* DDLog.m */,
				322DA850159B4A94005CFC83 /* DDTTYLogger.h */,
				322DA851159B4A94005CFC83 /* DDTTYLogger.m */,
				322DA852159B4A94005CFC83 /* Extensions */,
			);
			path = CocoaLumberjack;
			sourceTree = "<group>";
		};
		322DA852159B4A94005CFC83 /* Extensions */ = {
			isa = PBXGroup;
			children = (
				322DA853159B4A94005CFC83 /* ContextFilterLogFormatter.h */,
				322DA854159B4A94005CFC83 /* ContextFilterLogFormatter.m */,
				322DA855159B4A94005CFC83 /* DispatchQueueLogFormatter.h */,
				322DA856159B4A94005CFC83 /* DispatchQueueLogFormatter.m */,
				322DA857159B4A94005CFC83 /* README.txt */,
			);
			path = Extensions;
			sourceTree = "<group>";
		};
/* End PBXGroup section */

/* Begin PBXHeadersBuildPhase section */
		322DA73D159B4A5C005CFC83 /* Headers */ = {
			isa = PBXHeadersBuildPhase;
			buildActionMask = 2147483647;
			files = (
				322DA932159B4B49005CFC83 /* DDNumber.h in Headers */,
				322DA933159B4B68005CFC83 /* DDData.h in Headers */,
				322DA934159B4B68005CFC83 /* DDRange.h in Headers */,
				322DA935159B4B68005CFC83 /* HTTPAuthenticationRequest.h in Headers */,
				322DA936159B4B68005CFC83 /* HTTPConnection.h in Headers */,
				322DA937159B4B68005CFC83 /* HTTPLogging.h in Headers */,
				322DA938159B4B68005CFC83 /* HTTPMessage.h in Headers */,
				322DA939159B4B68005CFC83 /* HTTPResponse.h in Headers */,
				322DA93A159B4B68005CFC83 /* HTTPServer.h in Headers */,
				322DA93B159B4B68005CFC83 /* MultipartFormDataParser.h in Headers */,
				322DA93C159B4B68005CFC83 /* MultipartMessageHeader.h in Headers */,
				322DA93D159B4B68005CFC83 /* MultipartMessageHeaderField.h in Headers */,
				322DA93E159B4B68005CFC83 /* HTTPAsyncFileResponse.h in Headers */,
				322DA93F159B4B68005CFC83 /* HTTPDataResponse.h in Headers */,
				322DA940159B4B68005CFC83 /* HTTPDynamicFileResponse.h in Headers */,
				322DA941159B4B68005CFC83 /* HTTPFileResponse.h in Headers */,
				322DA942159B4B68005CFC83 /* HTTPRedirectResponse.h in Headers */,
				322DA943159B4B68005CFC83 /* WebSocket.h in Headers */,
				322DA944159B4B68005CFC83 /* DAVConnection.h in Headers */,
				322DA945159B4B68005CFC83 /* DAVResponse.h in Headers */,
				322DA946159B4B68005CFC83 /* DELETEResponse.h in Headers */,
				322DA947159B4B68005CFC83 /* PUTResponse.h in Headers */,
				322DA949159B4BD1005CFC83 /* CocoaHTTPServer-Prefix.pch in Headers */,
			);
			runOnlyForDeploymentPostprocessing = 0;
		};
		327FBE9D15AF127300F271BA /* Headers */ = {
			isa = PBXHeadersBuildPhase;
			buildActionMask = 2147483647;
			files = (
				327FBE9E15AF12A400F271BA /* DDData.h in Headers */,
				327FBE9F15AF12A400F271BA /* DDNumber.h in Headers */,
				327FBEA015AF12A400F271BA /* DDRange.h in Headers */,
				327FBEA115AF12A400F271BA /* HTTPAuthenticationRequest.h in Headers */,
				327FBEA215AF12A400F271BA /* HTTPConnection.h in Headers */,
				327FBEA315AF12A400F271BA /* HTTPLogging.h in Headers */,
				327FBEA415AF12A400F271BA /* HTTPMessage.h in Headers */,
				327FBEA515AF12A400F271BA /* HTTPResponse.h in Headers */,
				327FBEA615AF12A400F271BA /* HTTPServer.h in Headers */,
				327FBEA715AF12A400F271BA /* MultipartFormDataParser.h in Headers */,
				327FBEA815AF12A400F271BA /* MultipartMessageHeader.h in Headers */,
				327FBEA915AF12A400F271BA /* MultipartMessageHeaderField.h in Headers */,
				327FBEAA15AF12A400F271BA /* HTTPAsyncFileResponse.h in Headers */,
				327FBEAB15AF12A400F271BA /* HTTPDataResponse.h in Headers */,
				327FBEAC15AF12A400F271BA /* HTTPDynamicFileResponse.h in Headers */,
				327FBEAD15AF12A400F271BA /* HTTPFileResponse.h in Headers */,
				327FBEAE15AF12A400F271BA /* HTTPRedirectResponse.h in Headers */,
				327FBEAF15AF12A400F271BA /* WebSocket.h in Headers */,
				327FBEC015AFA88E00F271BA /* DDAbstractDatabaseLogger.h in Headers */,
				327FBEC115AFA88E00F271BA /* DDASLLogger.h in Headers */,
				327FBEC215AFA88E00F271BA /* DDFileLogger.h in Headers */,
				327FBEC315AFA88E00F271BA /* DDLog.h in Headers */,
				327FBEC415AFA88E00F271BA /* DDTTYLogger.h in Headers */,
				327FBEC515AFA88E00F271BA /* ContextFilterLogFormatter.h in Headers */,
				327FBEC615AFA88E00F271BA /* DispatchQueueLogFormatter.h in Headers */,
			);
			runOnlyForDeploymentPostprocessing = 0;
		};
		327FBFB315AFC1FB00F271BA /* Headers */ = {
			isa = PBXHeadersBuildPhase;
			buildActionMask = 2147483647;
			files = (
				327FBFB415AFC1FB00F271BA /* DDData.h in Headers */,
				327FBFB515AFC1FB00F271BA /* DDNumber.h in Headers */,
				327FBFB615AFC1FB00F271BA /* DDRange.h in Headers */,
				327FBFB715AFC1FB00F271BA /* HTTPAuthenticationRequest.h in Headers */,
				327FBFB815AFC1FB00F271BA /* HTTPConnection.h in Headers */,
				327FBFB915AFC1FB00F271BA /* HTTPLogging.h in Headers */,
				327FBFBA15AFC1FB00F271BA /* HTTPMessage.h in Headers */,
				327FBFBB15AFC1FB00F271BA /* HTTPResponse.h in Headers */,
				327FBFBC15AFC1FB00F271BA /* HTTPServer.h in Headers */,
				327FBFBD15AFC1FB00F271BA /* MultipartFormDataParser.h in Headers */,
				327FBFBE15AFC1FB00F271BA /* MultipartMessageHeader.h in Headers */,
				327FBFBF15AFC1FB00F271BA /* MultipartMessageHeaderField.h in Headers */,
				327FBFC015AFC1FB00F271BA /* HTTPAsyncFileResponse.h in Headers */,
				327FBFC115AFC1FB00F271BA /* HTTPDataResponse.h in Headers */,
				327FBFC215AFC1FB00F271BA /* HTTPDynamicFileResponse.h in Headers */,
				327FBFC315AFC1FB00F271BA /* HTTPFileResponse.h in Headers */,
				327FBFC415AFC1FB00F271BA /* HTTPRedirectResponse.h in Headers */,
				327FBFC515AFC1FB00F271BA /* WebSocket.h in Headers */,
				327FBFC615AFC1FB00F271BA /* DDAbstractDatabaseLogger.h in Headers */,
				327FBFC715AFC1FB00F271BA /* DDASLLogger.h in Headers */,
				327FBFC815AFC1FB00F271BA /* DDFileLogger.h in Headers */,
				327FBFC915AFC1FB00F271BA /* DDLog.h in Headers */,
				327FBFCA15AFC1FB00F271BA /* DDTTYLogger.h in Headers */,
				327FBFCB15AFC1FB00F271BA /* ContextFilterLogFormatter.h in Headers */,
				327FBFCC15AFC1FB00F271BA /* DispatchQueueLogFormatter.h in Headers */,
			);
			runOnlyForDeploymentPostprocessing = 0;
		};
/* End PBXHeadersBuildPhase section */

/* Begin PBXNativeTarget section */
		322DA73E159B4A5C005CFC83 /* CocoaHTTPServer */ = {
			isa = PBXNativeTarget;
			buildConfigurationList = 322DA74C159B4A5C005CFC83 /* Build configuration list for PBXNativeTarget "CocoaHTTPServer" */;
			buildPhases = (
				322DA73B159B4A5C005CFC83 /* Sources */,
				322DA73C159B4A5C005CFC83 /* Frameworks */,
				322DA73D159B4A5C005CFC83 /* Headers */,
			);
			buildRules = (
			);
			dependencies = (
			);
			name = CocoaHTTPServer;
			productName = CocoaHTTPServer;
			productReference = 322DA73F159B4A5C005CFC83 /* libCocoaHTTPServer.a */;
			productType = "com.apple.product-type.library.static";
		};
		327FBF9915AFC1FB00F271BA /* SimonHttpServer-OSX */ = {
			isa = PBXNativeTarget;
			buildConfigurationList = 327FBFCD15AFC1FB00F271BA /* Build configuration list for PBXNativeTarget "SimonHttpServer-OSX" */;
			buildPhases = (
				327FBF9A15AFC1FB00F271BA /* Sources */,
				327FBFB015AFC1FB00F271BA /* Frameworks */,
				327FBFB215AFC1FB00F271BA /* CopyFiles */,
				327FBFB315AFC1FB00F271BA /* Headers */,
			);
			buildRules = (
			);
			dependencies = (
			);
			name = "SimonHttpServer-OSX";
			productName = SimonHttpServer;
			productReference = 327FBFD015AFC1FB00F271BA /* libSimonHttpServer.a */;
			productType = "com.apple.product-type.library.static";
		};
		32A7E8B715AEC091004AF2C6 /* SimonHttpServer-iOS */ = {
			isa = PBXNativeTarget;
			buildConfigurationList = 32A7E8C115AEC091004AF2C6 /* Build configuration list for PBXNativeTarget "SimonHttpServer-iOS" */;
			buildPhases = (
				32A7E8B415AEC091004AF2C6 /* Sources */,
				32A7E8B515AEC091004AF2C6 /* Frameworks */,
				32A7E8B615AEC091004AF2C6 /* CopyFiles */,
				327FBE9D15AF127300F271BA /* Headers */,
			);
			buildRules = (
			);
			dependencies = (
			);
			name = "SimonHttpServer-iOS";
			productName = SimonHttpServer;
			productReference = 32A7E8B815AEC091004AF2C6 /* libSimonHttpServer.a */;
			productType = "com.apple.product-type.library.static";
		};
/* End PBXNativeTarget section */

/* Begin PBXProject section */
		322DA736159B4A5C005CFC83 /* Project object */ = {
			isa = PBXProject;
			attributes = {
				LastUpgradeCheck = 0440;
			};
			buildConfigurationList = 322DA739159B4A5C005CFC83 /* Build configuration list for PBXProject "CocoaHTTPServer" */;
			compatibilityVersion = "Xcode 3.2";
			developmentRegion = English;
			hasScannedForEncodings = 0;
			knownRegions = (
				en,
				English,
			);
			mainGroup = 322DA734159B4A5C005CFC83;
			productRefGroup = 322DA740159B4A5C005CFC83 /* Products */;
			projectDirPath = "";
			projectRoot = "";
			targets = (
				322DA73E159B4A5C005CFC83 /* CocoaHTTPServer */,
				32A7E8B715AEC091004AF2C6 /* SimonHttpServer-iOS */,
				327FBF9915AFC1FB00F271BA /* SimonHttpServer-OSX */,
			);
		};
/* End PBXProject section */

/* Begin PBXSourcesBuildPhase section */
		322DA73B159B4A5C005CFC83 /* Sources */ = {
			isa = PBXSourcesBuildPhase;
			buildActionMask = 2147483647;
			files = (
				322DA91E159B4B43005CFC83 /* DDData.m in Sources */,
				322DA91F159B4B43005CFC83 /* DDNumber.m in Sources */,
				322DA920159B4B43005CFC83 /* DDRange.m in Sources */,
				322DA921159B4B43005CFC83 /* HTTPAuthenticationRequest.m in Sources */,
				322DA922159B4B43005CFC83 /* HTTPConnection.m in Sources */,
				322DA923159B4B43005CFC83 /* HTTPMessage.m in Sources */,
				322DA924159B4B43005CFC83 /* HTTPServer.m in Sources */,
				322DA925159B4B43005CFC83 /* MultipartFormDataParser.m in Sources */,
				322DA926159B4B43005CFC83 /* MultipartMessageHeader.m in Sources */,
				322DA927159B4B43005CFC83 /* MultipartMessageHeaderField.m in Sources */,
				322DA928159B4B43005CFC83 /* HTTPAsyncFileResponse.m in Sources */,
				322DA929159B4B43005CFC83 /* HTTPDataResponse.m in Sources */,
				322DA92A159B4B43005CFC83 /* HTTPDynamicFileResponse.m in Sources */,
				322DA92B159B4B43005CFC83 /* HTTPFileResponse.m in Sources */,
				322DA92C159B4B43005CFC83 /* HTTPRedirectResponse.m in Sources */,
				322DA92D159B4B43005CFC83 /* WebSocket.m in Sources */,
				322DA92E159B4B43005CFC83 /* DAVConnection.m in Sources */,
				322DA92F159B4B43005CFC83 /* DAVResponse.m in Sources */,
				322DA930159B4B43005CFC83 /* DELETEResponse.m in Sources */,
				322DA931159B4B43005CFC83 /* PUTResponse.m in Sources */,
			);
			runOnlyForDeploymentPostprocessing = 0;
		};
		327FBF9A15AFC1FB00F271BA /* Sources */ = {
			isa = PBXSourcesBuildPhase;
			buildActionMask = 2147483647;
			files = (
				327FBF9B15AFC1FB00F271BA /* DDData.m in Sources */,
				327FBF9C15AFC1FB00F271BA /* DDNumber.m in Sources */,
				327FBF9D15AFC1FB00F271BA /* DDRange.m in Sources */,
				327FBF9E15AFC1FB00F271BA /* HTTPAuthenticationRequest.m in Sources */,
				327FBF9F15AFC1FB00F271BA /* HTTPConnection.m in Sources */,
				327FBFA015AFC1FB00F271BA /* HTTPMessage.m in Sources */,
				327FBFA115AFC1FB00F271BA /* HTTPServer.m in Sources */,
				327FBFA215AFC1FB00F271BA /* HTTPAsyncFileResponse.m in Sources */,
				327FBFA315AFC1FB00F271BA /* HTTPDataResponse.m in Sources */,
				327FBFA415AFC1FB00F271BA /* HTTPDynamicFileResponse.m in Sources */,
				327FBFA515AFC1FB00F271BA /* HTTPFileResponse.m in Sources */,
				327FBFA615AFC1FB00F271BA /* HTTPRedirectResponse.m in Sources */,
				327FBFA715AFC1FB00F271BA /* WebSocket.m in Sources */,
				327FBFA815AFC1FB00F271BA /* GCDAsyncSocket.m in Sources */,
				327FBFA915AFC1FB00F271BA /* DDAbstractDatabaseLogger.m in Sources */,
				327FBFAA15AFC1FB00F271BA /* DDASLLogger.m in Sources */,
				327FBFAB15AFC1FB00F271BA /* DDFileLogger.m in Sources */,
				327FBFAC15AFC1FB00F271BA /* DDLog.m in Sources */,
				327FBFAD15AFC1FB00F271BA /* DDTTYLogger.m in Sources */,
				327FBFAE15AFC1FB00F271BA /* ContextFilterLogFormatter.m in Sources */,
				327FBFAF15AFC1FB00F271BA /* DispatchQueueLogFormatter.m in Sources */,
			);
			runOnlyForDeploymentPostprocessing = 0;
		};
		32A7E8B415AEC091004AF2C6 /* Sources */ = {
			isa = PBXSourcesBuildPhase;
			buildActionMask = 2147483647;
			files = (
				32A7E8C415AEC0D5004AF2C6 /* DDData.m in Sources */,
				32A7E8C515AEC0D5004AF2C6 /* DDNumber.m in Sources */,
				32A7E8C615AEC0D5004AF2C6 /* DDRange.m in Sources */,
				32A7E8C715AEC0D5004AF2C6 /* HTTPAuthenticationRequest.m in Sources */,
				32A7E8C815AEC0D5004AF2C6 /* HTTPConnection.m in Sources */,
				32A7E8C915AEC0D5004AF2C6 /* HTTPMessage.m in Sources */,
				32A7E8CA15AEC0D5004AF2C6 /* HTTPServer.m in Sources */,
				32A7E8CB15AEC0D5004AF2C6 /* HTTPAsyncFileResponse.m in Sources */,
				32A7E8CC15AEC0D5004AF2C6 /* HTTPDataResponse.m in Sources */,
				32A7E8CD15AEC0D5004AF2C6 /* HTTPDynamicFileResponse.m in Sources */,
				32A7E8CE15AEC0D5004AF2C6 /* HTTPFileResponse.m in Sources */,
				32A7E8CF15AEC0D5004AF2C6 /* HTTPRedirectResponse.m in Sources */,
				32A7E8D015AEC0D5004AF2C6 /* WebSocket.m in Sources */,
				32A7E8D115AEC144004AF2C6 /* GCDAsyncSocket.m in Sources */,
				32A7E8D215AEC144004AF2C6 /* DDAbstractDatabaseLogger.m in Sources */,
				32A7E8D315AEC144004AF2C6 /* DDASLLogger.m in Sources */,
				32A7E8D415AEC144004AF2C6 /* DDFileLogger.m in Sources */,
				32A7E8D515AEC144004AF2C6 /* DDLog.m in Sources */,
				32A7E8D615AEC144004AF2C6 /* DDTTYLogger.m in Sources */,
				32A7E8D715AEC144004AF2C6 /* ContextFilterLogFormatter.m in Sources */,
				32A7E8D815AEC144004AF2C6 /* DispatchQueueLogFormatter.m in Sources */,
			);
			runOnlyForDeploymentPostprocessing = 0;
		};
/* End PBXSourcesBuildPhase section */

/* Begin XCBuildConfiguration section */
		322DA74A159B4A5C005CFC83 /* Debug */ = {
			isa = XCBuildConfiguration;
			buildSettings = {
				ALWAYS_SEARCH_USER_PATHS = NO;
				ARCHS = "$(ARCHS_STANDARD_32_BIT)";
				CLANG_ENABLE_OBJC_ARC = YES;
				COPY_PHASE_STRIP = NO;
				GCC_C_LANGUAGE_STANDARD = gnu99;
				GCC_DYNAMIC_NO_PIC = NO;
				GCC_OPTIMIZATION_LEVEL = 0;
				GCC_PREPROCESSOR_DEFINITIONS = (
					"DEBUG=1",
					"$(inherited)",
				);
				GCC_SYMBOLS_PRIVATE_EXTERN = NO;
				GCC_VERSION = com.apple.compilers.llvm.clang.1_0;
				GCC_WARN_ABOUT_RETURN_TYPE = YES;
				GCC_WARN_UNINITIALIZED_AUTOS = YES;
				GCC_WARN_UNUSED_VARIABLE = YES;
				IPHONEOS_DEPLOYMENT_TARGET = 5.1;
				SDKROOT = iphoneos;
			};
			name = Debug;
		};
		322DA74B159B4A5C005CFC83 /* Release */ = {
			isa = XCBuildConfiguration;
			buildSettings = {
				ALWAYS_SEARCH_USER_PATHS = NO;
				ARCHS = "$(ARCHS_STANDARD_32_BIT)";
				CLANG_ENABLE_OBJC_ARC = YES;
				COPY_PHASE_STRIP = YES;
				GCC_C_LANGUAGE_STANDARD = gnu99;
				GCC_VERSION = com.apple.compilers.llvm.clang.1_0;
				GCC_WARN_ABOUT_RETURN_TYPE = YES;
				GCC_WARN_UNINITIALIZED_AUTOS = YES;
				GCC_WARN_UNUSED_VARIABLE = YES;
				IPHONEOS_DEPLOYMENT_TARGET = 5.1;
				SDKROOT = iphoneos;
				VALIDATE_PRODUCT = YES;
			};
			name = Release;
		};
		322DA74D159B4A5C005CFC83 /* Debug */ = {
			isa = XCBuildConfiguration;
			buildSettings = {
				DSTROOT = /tmp/CocoaHTTPServer.dst;
				GCC_PRECOMPILE_PREFIX_HEADER = YES;
				GCC_PREFIX_HEADER = "CocoaHTTPServer-Prefix.pch";
				INSTALL_PATH = "/include/${TARGET_NAME}";
				OTHER_LDFLAGS = "-ObjC";
				PRODUCT_NAME = "$(TARGET_NAME)";
				SKIP_INSTALL = YES;
			};
			name = Debug;
		};
		322DA74E159B4A5C005CFC83 /* Release */ = {
			isa = XCBuildConfiguration;
			buildSettings = {
				DSTROOT = /tmp/CocoaHTTPServer.dst;
				GCC_PRECOMPILE_PREFIX_HEADER = YES;
				GCC_PREFIX_HEADER = "CocoaHTTPServer-Prefix.pch";
				INSTALL_PATH = "/include/${TARGET_NAME}";
				OTHER_LDFLAGS = "-ObjC";
				PRODUCT_NAME = "$(TARGET_NAME)";
				SKIP_INSTALL = YES;
			};
			name = Release;
		};
		327FBFCE15AFC1FB00F271BA /* Debug */ = {
			isa = XCBuildConfiguration;
			buildSettings = {
				ARCHS = "$(ARCHS_STANDARD_32_64_BIT)";
				CLANG_CXX_LANGUAGE_STANDARD = "gnu++0x";
				CLANG_WARN__DUPLICATE_METHOD_MATCH = YES;
				COMBINE_HIDPI_IMAGES = YES;
				DSTROOT = /tmp/SimonHttpServer.dst;
				GCC_PRECOMPILE_PREFIX_HEADER = YES;
				GCC_PREFIX_HEADER = "CocoaHTTPServer-Prefix.pch";
				OTHER_LDFLAGS = "-ObjC";
				PRODUCT_NAME = SimonHttpServer;
				PUBLIC_HEADERS_FOLDER_PATH = "include/${PROJECT_NAME}";
				SDKROOT = macosx;
			};
			name = Debug;
		};
		327FBFCF15AFC1FB00F271BA /* Release */ = {
			isa = XCBuildConfiguration;
			buildSettings = {
				ARCHS = "$(ARCHS_STANDARD_32_64_BIT)";
				CLANG_CXX_LANGUAGE_STANDARD = "gnu++0x";
				CLANG_WARN__DUPLICATE_METHOD_MATCH = YES;
				COMBINE_HIDPI_IMAGES = YES;
				DSTROOT = /tmp/SimonHttpServer.dst;
				GCC_PRECOMPILE_PREFIX_HEADER = YES;
				GCC_PREFIX_HEADER = "CocoaHTTPServer-Prefix.pch";
				OTHER_LDFLAGS = "-ObjC";
				PRODUCT_NAME = SimonHttpServer;
				PUBLIC_HEADERS_FOLDER_PATH = "include/${PROJECT_NAME}";
				SDKROOT = macosx;
			};
			name = Release;
		};
		32A7E8C215AEC091004AF2C6 /* Debug */ = {
			isa = XCBuildConfiguration;
			buildSettings = {
				CLANG_CXX_LANGUAGE_STANDARD = "gnu++0x";
				CLANG_WARN__DUPLICATE_METHOD_MATCH = YES;
				DSTROOT = /tmp/SimonHttpServer.dst;
				GCC_PRECOMPILE_PREFIX_HEADER = YES;
				GCC_PREFIX_HEADER = "CocoaHTTPServer-Prefix.pch";
				IPHONEOS_DEPLOYMENT_TARGET = 5.0;
				OTHER_LDFLAGS = "-ObjC";
				PRODUCT_NAME = SimonHttpServer;
				PUBLIC_HEADERS_FOLDER_PATH = "include/${PRODUCT_NAME}";
				TARGETED_DEVICE_FAMILY = "1,2";
			};
			name = Debug;
		};
		32A7E8C315AEC091004AF2C6 /* Release */ = {
			isa = XCBuildConfiguration;
			buildSettings = {
				CLANG_CXX_LANGUAGE_STANDARD = "gnu++0x";
				CLANG_WARN__DUPLICATE_METHOD_MATCH = YES;
				DSTROOT = /tmp/SimonHttpServer.dst;
				GCC_PRECOMPILE_PREFIX_HEADER = YES;
				GCC_PREFIX_HEADER = "CocoaHTTPServer-Prefix.pch";
				IPHONEOS_DEPLOYMENT_TARGET = 5.0;
				OTHER_LDFLAGS = "-ObjC";
				PRODUCT_NAME = SimonHttpServer;
				PUBLIC_HEADERS_FOLDER_PATH = "include/${PRODUCT_NAME}";
				TARGETED_DEVICE_FAMILY = "1,2";
			};
			name = Release;
		};
/* End XCBuildConfiguration section */

/* Begin XCConfigurationList section */
		322DA739159B4A5C005CFC83 /* Build configuration list for PBXProject "CocoaHTTPServer" */ = {
			isa = XCConfigurationList;
			buildConfigurations = (
				322DA74A159B4A5C005CFC83 /* Debug */,
				322DA74B159B4A5C005CFC83 /* Release */,
			);
			defaultConfigurationIsVisible = 0;
			defaultConfigurationName = Release;
		};
		322DA74C159B4A5C005CFC83 /* Build configuration list for PBXNativeTarget "CocoaHTTPServer" */ = {
			isa = XCConfigurationList;
			buildConfigurations = (
				322DA74D159B4A5C005CFC83 /* Debug */,
				322DA74E159B4A5C005CFC83 /* Release */,
			);
			defaultConfigurationIsVisible = 0;
			defaultConfigurationName = Release;
		};
		327FBFCD15AFC1FB00F271BA /* Build configuration list for PBXNativeTarget "SimonHttpServer-OSX" */ = {
			isa = XCConfigurationList;
			buildConfigurations = (
				327FBFCE15AFC1FB00F271BA /* Debug */,
				327FBFCF15AFC1FB00F271BA /* Release */,
			);
			defaultConfigurationIsVisible = 0;
			defaultConfigurationName = Release;
		};
		32A7E8C115AEC091004AF2C6 /* Build configuration list for PBXNativeTarget "SimonHttpServer-iOS" */ = {
			isa = XCConfigurationList;
			buildConfigurations = (
				32A7E8C215AEC091004AF2C6 /* Debug */,
				32A7E8C315AEC091004AF2C6 /* Release */,
			);
			defaultConfigurationIsVisible = 0;
			defaultConfigurationName = Release;
		};
/* End XCConfigurationList section */
	};
	rootObject = 322DA736159B4A5C005CFC83 /* Project object */;
}
